
Microsoft Visual Studio Solution File, Format Version 12.00
# Visual Studio Version 17
VisualStudioVersion = 17.9.34310.174
MinimumVisualStudioVersion = 10.0.40219.1
Project("{FAE04EC0-301F-11D3-BF4B-00C04F79EFBC}") = "Microservices.Tutorial.Event.Store.Example", "Microservices.Tutorial.Event.Store.Example\Microservices.Tutorial.Event.Store.Example.csproj", "{ED47EE2F-2CB9-4488-966C-430BC74630BF}"
EndProject
Global
	GlobalSection(SolutionConfigurationPlatforms) = preSolution
		Debug|Any CPU = Debug|Any CPU
		Release|Any CPU = Release|Any CPU
	EndGlobalSection
	GlobalSection(ProjectConfigurationPlatforms) = postSolution
		{ED47EE2F-2CB9-4488-966C-430BC74630BF}.Debug|Any CPU.ActiveCfg = Debug|Any CPU
		{ED47EE2F-2CB9-4488-966C-430BC74630BF}.Debug|Any CPU.Build.0 = Debug|Any CPU
		{ED47EE2F-2CB9-4488-966C-430BC74630BF}.Release|Any CPU.ActiveCfg = Release|Any CPU
		{ED47EE2F-2CB9-4488-966C-430BC74630BF}.Release|Any CPU.Build.0 = Release|Any CPU
	EndGlobalSection
	GlobalSection(SolutionProperties) = preSolution
		HideSolutionNode = FALSE
	EndGlobalSection
	GlobalSection(ExtensibilityGlobals) = postSolution
		SolutionGuid = {5A8E537C-6C66-4D06-8E18-5AF2FEA421C9}
	EndGlobalSection
EndGlobal
